// !$*UTF8*$!
{
	archiveVersion = 1;
	classes = {
	};
	objectVersion = 56;
	objects = {

/* Begin PBXBuildFile section */
		DFAB7F5E2D549CD4002560CD /* AppDelegate.swift in Sources */ = {isa = PBXBuildFile; fileRef = DFAB7F5D2D549CD4002560CD /* AppDelegate.swift */; };
		DFAB7F602D549CD4002560CD /* SceneDelegate.swift in Sources */ = {isa = PBXBuildFile; fileRef = DFAB7F5F2D549CD4002560CD /* SceneDelegate.swift */; };
		DFAB7F622D549CD4002560CD /* TodoMarkingViewController.swift in Sources */ = {isa = PBXBuildFile; fileRef = DFAB7F612D549CD4002560CD /* TodoMarkingViewController.swift */; };
		DFAB7F672D549CD5002560CD /* Assets.xcassets in Resources */ = {isa = PBXBuildFile; fileRef = DFAB7F662D549CD5002560CD /* Assets.xcassets */; };
		DFAB7F6A2D549CD5002560CD /* LaunchScreen.storyboard in Resources */ = {isa = PBXBuildFile; fileRef = DFAB7F682D549CD5002560CD /* LaunchScreen.storyboard */; };
		DFBCB1862D5B92DD0035B81C /* TodoStorage.swift in Sources */ = {isa = PBXBuildFile; fileRef = DFBCB1852D5B92DD0035B81C /* TodoStorage.swift */; };
		DFDF94DC2D549EC000F8A825 /* TodoMarkingViewModel.swift in Sources */ = {isa = PBXBuildFile; fileRef = DFDF94DB2D549EC000F8A825 /* TodoMarkingViewModel.swift */; };
		DFDF94DE2D550B6B00F8A825 /* SummaryHeaderView.swift in Sources */ = {isa = PBXBuildFile; fileRef = DFDF94DD2D550B6B00F8A825 /* SummaryHeaderView.swift */; };
/* End PBXBuildFile section */

/* Begin PBXFileReference section */
		DFAB7F5A2D549CD4002560CD /* TaskMVVM.app */ = {isa = PBXFileReference; explicitFileType = wrapper.application; includeInIndex = 0; path = TaskMVVM.app; sourceTree = BUILT_PRODUCTS_DIR; };
		DFAB7F5D2D549CD4002560CD /* AppDelegate.swift */ = {isa = PBXFileReference; lastKnownFileType = sourcecode.swift; path = AppDelegate.swift; sourceTree = "<group>"; };
		DFAB7F5F2D549CD4002560CD /* SceneDelegate.swift */ = {isa = PBXFileReference; lastKnownFileType = sourcecode.swift; path = SceneDelegate.swift; sourceTree = "<group>"; };
		DFAB7F612D549CD4002560CD /* TodoMarkingViewController.swift */ = {isa = PBXFileReference; lastKnownFileType = sourcecode.swift; path = TodoMarkingViewController.swift; sourceTree = "<group>"; };
		DFAB7F662D549CD5002560CD /* Assets.xcassets */ = {isa = PBXFileReference; lastKnownFileType = folder.assetcatalog; path = Assets.xcassets; sourceTree = "<group>"; };
		DFAB7F692D549CD5002560CD /* Base */ = {isa = PBXFileReference; lastKnownFileType = file.storyboard; name = Base; path = Base.lproj/LaunchScreen.storyboard; sourceTree = "<group>"; };
		DFAB7F6B2D549CD5002560CD /* Info.plist */ = {isa = PBXFileReference; lastKnownFileType = text.plist.xml; path = Info.plist; sourceTree = "<group>"; };
		DFBCB1852D5B92DD0035B81C /* TodoStorage.swift */ = {isa = PBXFileReference; lastKnownFileType = sourcecode.swift; path = TodoStorage.swift; sourceTree = "<group>"; };
		DFDF94DB2D549EC000F8A825 /* TodoMarkingViewModel.swift */ = {isa = PBXFileReference; lastKnownFileType = sourcecode.swift; path = TodoMarkingViewModel.swift; sourceTree = "<group>"; };
		DFDF94DD2D550B6B00F8A825 /* SummaryHeaderView.swift */ = {isa = PBXFileReference; lastKnownFileType = sourcecode.swift; path = SummaryHeaderView.swift; sourceTree = "<group>"; };
/* End PBXFileReference section */

/* Begin PBXFrameworksBuildPhase section */
		DFAB7F572D549CD4002560CD /* Frameworks */ = {
			isa = PBXFrameworksBuildPhase;
			buildActionMask = 2147483647;
			files = (
			);
			runOnlyForDeploymentPostprocessing = 0;
		};
/* End PBXFrameworksBuildPhase section */

/* Begin PBXGroup section */
		DFAB7F512D549CD4002560CD = {
			isa = PBXGroup;
			children = (
				DFAB7F5C2D549CD4002560CD /* TaskMVVM */,
				DFAB7F5B2D549CD4002560CD /* Products */,
			);
			sourceTree = "<group>";
		};
		DFAB7F5B2D549CD4002560CD /* Products */ = {
			isa = PBXGroup;
			children = (
				DFAB7F5A2D549CD4002560CD /* TaskMVVM.app */,
			);
			name = Products;
			sourceTree = "<group>";
		};
		DFAB7F5C2D549CD4002560CD /* TaskMVVM */ = {
			isa = PBXGroup;
			children = (
				DFAB7F732D549CEC002560CD /* AppEntry */,
				DFAB7F722D549CE2002560CD /* Scene */,
				DFAB7F712D549CDC002560CD /* Resources */,
			);
			path = TaskMVVM;
			sourceTree = "<group>";
		};
		DFAB7F712D549CDC002560CD /* Resources */ = {
			isa = PBXGroup;
			children = (
				DFAB7F662D549CD5002560CD /* Assets.xcassets */,
				DFAB7F682D549CD5002560CD /* LaunchScreen.storyboard */,
				DFAB7F6B2D549CD5002560CD /* Info.plist */,
			);
			path = Resources;
			sourceTree = "<group>";
		};
		DFAB7F722D549CE2002560CD /* Scene */ = {
			isa = PBXGroup;
			children = (
				DFAB7F612D549CD4002560CD /* TodoMarkingViewController.swift */,
				DFDF94DB2D549EC000F8A825 /* TodoMarkingViewModel.swift */,
				DFDF94DD2D550B6B00F8A825 /* SummaryHeaderView.swift */,
				DFBCB1852D5B92DD0035B81C /* TodoStorage.swift */,
			);
			path = Scene;
			sourceTree = "<group>";
		};
		DFAB7F732D549CEC002560CD /* AppEntry */ = {
			isa = PBXGroup;
			children = (
				DFAB7F5D2D549CD4002560CD /* AppDelegate.swift */,
				DFAB7F5F2D549CD4002560CD /* SceneDelegate.swift */,
			);
			path = AppEntry;
			sourceTree = "<group>";
		};
/* End PBXGroup section */

/* Begin PBXNativeTarget section */
		DFAB7F592D549CD4002560CD /* TaskMVVM */ = {
			isa = PBXNativeTarget;
			buildConfigurationList = DFAB7F6E2D549CD5002560CD /* Build configuration list for PBXNativeTarget "TaskMVVM" */;
			buildPhases = (
				DFAB7F562D549CD4002560CD /* Sources */,
				DFAB7F572D549CD4002560CD /* Frameworks */,
				DFAB7F582D549CD4002560CD /* Resources */,
			);
			buildRules = (
			);
			dependencies = (
			);
			name = TaskMVVM;
			productName = TaskMVVM;
			productReference = DFAB7F5A2D549CD4002560CD /* TaskMVVM.app */;
			productType = "com.apple.product-type.application";
		};
/* End PBXNativeTarget section */

/* Begin PBXProject section */
		DFAB7F522D549CD4002560CD /* Project object */ = {
			isa = PBXProject;
			attributes = {
				BuildIndependentTargetsInParallel = 1;
				LastSwiftUpdateCheck = 1500;
				LastUpgradeCheck = 1500;
				TargetAttributes = {
					DFAB7F592D549CD4002560CD = {
						CreatedOnToolsVersion = 15.0;
					};
				};
			};
			buildConfigurationList = DFAB7F552D549CD4002560CD /* Build configuration list for PBXProject "TaskMVVM" */;
			compatibilityVersion = "Xcode 14.0";
			developmentRegion = en;
			hasScannedForEncodings = 0;
			knownRegions = (
				en,
				Base,
			);
			mainGroup = DFAB7F512D549CD4002560CD;
			productRefGroup = DFAB7F5B2D549CD4002560CD /* Products */;
			projectDirPath = "";
			projectRoot = "";
			targets = (
				DFAB7F592D549CD4002560CD /* TaskMVVM */,
			);
		};
/* End PBXProject section */

/* Begin PBXResourcesBuildPhase section */
		DFAB7F582D549CD4002560CD /* Resources */ = {
			isa = PBXResourcesBuildPhase;
			buildActionMask = 2147483647;
			files = (
				DFAB7F6A2D549CD5002560CD /* LaunchScreen.storyboard in Resources */,
				DFAB7F672D549CD5002560CD /* Assets.xcassets in Resources */,
			);
			runOnlyForDeploymentPostprocessing = 0;
		};
/* End PBXResourcesBuildPhase section */

/* Begin PBXSourcesBuildPhase section */
		DFAB7F562D549CD4002560CD /* Sources */ = {
			isa = PBXSourcesBuildPhase;
			buildActionMask = 2147483647;
			files = (
				DFDF94DC2D549EC000F8A825 /* TodoMarkingViewModel.swift in Sources */,
				DFDF94DE2D550B6B00F8A825 /* SummaryHeaderView.swift in Sources */,
				DFAB7F622D549CD4002560CD /* TodoMarkingViewController.swift in Sources */,
				DFBCB1862D5B92DD0035B81C /* TodoStorage.swift in Sources */,
				DFAB7F5E2D549CD4002560CD /* AppDelegate.swift in Sources */,
				DFAB7F602D549CD4002560CD /* SceneDelegate.swift in Sources */,
			);
			runOnlyForDeploymentPostprocessing = 0;
		};
/* End PBXSourcesBuildPhase section */

/* Begin PBXVariantGroup section */
		DFAB7F682D549CD5002560CD /* LaunchScreen.storyboard */ = {
			isa = PBXVariantGroup;
			children = (
				DFAB7F692D549CD5002560CD /* Base */,
			);
			name = LaunchScreen.storyboard;
			sourceTree = "<group>";
		};
/* End PBXVariantGroup section */

/* Begin XCBuildConfiguration section */
		DFAB7F6C2D549CD5002560CD /* Debug */ = {
			isa = XCBuildConfiguration;
			buildSettings = {
				ALWAYS_SEARCH_USER_PATHS = NO;
				ASSETCATALOG_COMPILER_GENERATE_SWIFT_ASSET_SYMBOL_EXTENSIONS = YES;
				CLANG_ANALYZER_NONNULL = YES;
				CLANG_ANALYZER_NUMBER_OBJECT_CONVERSION = YES_AGGRESSIVE;
				CLANG_CXX_LANGUAGE_STANDARD = "gnu++20";
				CLANG_ENABLE_MODULES = YES;
				CLANG_ENABLE_OBJC_ARC = YES;
				CLANG_ENABLE_OBJC_WEAK = YES;
				CLANG_WARN_BLOCK_CAPTURE_AUTORELEASING = YES;
				CLANG_WARN_BOOL_CONVERSION = YES;
				CLANG_WARN_COMMA = YES;
				CLANG_WARN_CONSTANT_CONVERSION = YES;
				CLANG_WARN_DEPRECATED_OBJC_IMPLEMENTATIONS = YES;
				CLANG_WARN_DIRECT_OBJC_ISA_USAGE = YES_ERROR;
				CLANG_WARN_DOCUMENTATION_COMMENTS = YES;
				CLANG_WARN_EMPTY_BODY = YES;
				CLANG_WARN_ENUM_CONVERSION = YES;
				CLANG_WARN_INFINITE_RECURSION = YES;
				CLANG_WARN_INT_CONVERSION = YES;
				CLANG_WARN_NON_LITERAL_NULL_CONVERSION = YES;
				CLANG_WARN_OBJC_IMPLICIT_RETAIN_SELF = YES;
				CLANG_WARN_OBJC_LITERAL_CONVERSION = YES;
				CLANG_WARN_OBJC_ROOT_CLASS = YES_ERROR;
				CLANG_WARN_QUOTED_INCLUDE_IN_FRAMEWORK_HEADER = YES;
				CLANG_WARN_RANGE_LOOP_ANALYSIS = YES;
				CLANG_WARN_STRICT_PROTOTYPES = YES;
				CLANG_WARN_SUSPICIOUS_MOVE = YES;
				CLANG_WARN_UNGUARDED_AVAILABILITY = YES_AGGRESSIVE;
				CLANG_WARN_UNREACHABLE_CODE = YES;
				CLANG_WARN__DUPLICATE_METHOD_MATCH = YES;
				COPY_PHASE_STRIP = NO;
				DEBUG_INFORMATION_FORMAT = dwarf;
				ENABLE_STRICT_OBJC_MSGSEND = YES;
				ENABLE_TESTABILITY = YES;
				ENABLE_USER_SCRIPT_SANDBOXING = YES;
				GCC_C_LANGUAGE_STANDARD = gnu17;
				GCC_DYNAMIC_NO_PIC = NO;
				GCC_NO_COMMON_BLOCKS = YES;
				GCC_OPTIMIZATION_LEVEL = 0;
				GCC_PREPROCESSOR_DEFINITIONS = (
					"DEBUG=1",
					"$(inherited)",
				);
				GCC_WARN_64_TO_32_BIT_CONVERSION = YES;
				GCC_WARN_ABOUT_RETURN_TYPE = YES_ERROR;
				GCC_WARN_UNDECLARED_SELECTOR = YES;
				GCC_WARN_UNINITIALIZED_AUTOS = YES_AGGRESSIVE;
				GCC_WARN_UNUSED_FUNCTION = YES;
				GCC_WARN_UNUSED_VARIABLE = YES;
				IPHONEOS_DEPLOYMENT_TARGET = 17.0;
				LOCALIZATION_PREFERS_STRING_CATALOGS = YES;
				MTL_ENABLE_DEBUG_INFO = INCLUDE_SOURCE;
				MTL_FAST_MATH = YES;
				ONLY_ACTIVE_ARCH = YES;
				SDKROOT = iphoneos;
				SWIFT_ACTIVE_COMPILATION_CONDITIONS = "DEBUG $(inherited)";
				SWIFT_OPTIMIZATION_LEVEL = "-Onone";
			};
			name = Debug;
		};
		DFAB7F6D2D549CD5002560CD /* Release */ = {
			isa = XCBuildConfiguration;
			buildSettings = {
				ALWAYS_SEARCH_USER_PATHS = NO;
				ASSETCATALOG_COMPILER_GENERATE_SWIFT_ASSET_SYMBOL_EXTENSIONS = YES;
				CLANG_ANALYZER_NONNULL = YES;
				CLANG_ANALYZER_NUMBER_OBJECT_CONVERSION = YES_AGGRESSIVE;
				CLANG_CXX_LANGUAGE_STANDARD = "gnu++20";
				CLANG_ENABLE_MODULES = YES;
				CLANG_ENABLE_OBJC_ARC = YES;
				CLANG_ENABLE_OBJC_WEAK = YES;
				CLANG_WARN_BLOCK_CAPTURE_AUTORELEASING = YES;
				CLANG_WARN_BOOL_CONVERSION = YES;
				CLANG_WARN_COMMA = YES;
				CLANG_WARN_CONSTANT_CONVERSION = YES;
				CLANG_WARN_DEPRECATED_OBJC_IMPLEMENTATIONS = YES;
				CLANG_WARN_DIRECT_OBJC_ISA_USAGE = YES_ERROR;
				CLANG_WARN_DOCUMENTATION_COMMENTS = YES;
				CLANG_WARN_EMPTY_BODY = YES;
				CLANG_WARN_ENUM_CONVERSION = YES;
				CLANG_WARN_INFINITE_RECURSION = YES;
				CLANG_WARN_INT_CONVERSION = YES;
				CLANG_WARN_NON_LITERAL_NULL_CONVERSION = YES;
				CLANG_WARN_OBJC_IMPLICIT_RETAIN_SELF = YES;
				CLANG_WARN_OBJC_LITERAL_CONVERSION = YES;
				CLANG_WARN_OBJC_ROOT_CLASS = YES_ERROR;
				CLANG_WARN_QUOTED_INCLUDE_IN_FRAMEWORK_HEADER = YES;
				CLANG_WARN_RANGE_LOOP_ANALYSIS = YES;
				CLANG_WARN_STRICT_PROTOTYPES = YES;
				CLANG_WARN_SUSPICIOUS_MOVE = YES;
				CLANG_WARN_UNGUARDED_AVAILABILITY = YES_AGGRESSIVE;
				CLANG_WARN_UNREACHABLE_CODE = YES;
				CLANG_WARN__DUPLICATE_METHOD_MATCH = YES;
				COPY_PHASE_STRIP = NO;
				DEBUG_INFORMATION_FORMAT = "dwarf-with-dsym";
				ENABLE_NS_ASSERTIONS = NO;
				ENABLE_STRICT_OBJC_MSGSEND = YES;
				ENABLE_USER_SCRIPT_SANDBOXING = YES;
				GCC_C_LANGUAGE_STANDARD = gnu17;
				GCC_NO_COMMON_BLOCKS = YES;
				GCC_WARN_64_TO_32_BIT_CONVERSION = YES;
				GCC_WARN_ABOUT_RETURN_TYPE = YES_ERROR;
				GCC_WARN_UNDECLARED_SELECTOR = YES;
				GCC_WARN_UNINITIALIZED_AUTOS = YES_AGGRESSIVE;
				GCC_WARN_UNUSED_FUNCTION = YES;
				GCC_WARN_UNUSED_VARIABLE = YES;
				IPHONEOS_DEPLOYMENT_TARGET = 17.0;
				LOCALIZATION_PREFERS_STRING_CATALOGS = YES;
				MTL_ENABLE_DEBUG_INFO = NO;
				MTL_FAST_MATH = YES;
				SDKROOT = iphoneos;
				SWIFT_COMPILATION_MODE = wholemodule;
				VALIDATE_PRODUCT = YES;
			};
			name = Release;
		};
		DFAB7F6F2D549CD5002560CD /* Debug */ = {
			isa = XCBuildConfiguration;
			buildSettings = {
				ASSETCATALOG_COMPILER_APPICON_NAME = AppIcon;
				ASSETCATALOG_COMPILER_GLOBAL_ACCENT_COLOR_NAME = AccentColor;
				CODE_SIGN_STYLE = Automatic;
				CURRENT_PROJECT_VERSION = 1;
				DEVELOPMENT_TEAM = 22WLLT8Q75;
				GENERATE_INFOPLIST_FILE = YES;
				INFOPLIST_FILE = TaskMVVM/Resources/Info.plist;
				INFOPLIST_KEY_UIApplicationSupportsIndirectInputEvents = YES;
				INFOPLIST_KEY_UILaunchStoryboardName = LaunchScreen;
				INFOPLIST_KEY_UISupportedInterfaceOrientations_iPad = "UIInterfaceOrientationPortrait UIInterfaceOrientationPortraitUpsideDown UIInterfaceOrientationLandscapeLeft UIInterfaceOrientationLandscapeRight";
				INFOPLIST_KEY_UISupportedInterfaceOrientations_iPhone = "UIInterfaceOrientationPortrait UIInterfaceOrientationLandscapeLeft UIInterfaceOrientationLandscapeRight";
				LD_RUNPATH_SEARCH_PATHS = (
					"$(inherited)",
					"@executable_path/Frameworks",
				);
				MARKETING_VERSION = 1.0;
				PRODUCT_BUNDLE_IDENTIFIER = remypark.TaskMVVM;
				PRODUCT_NAME = "$(TARGET_NAME)";
				SWIFT_EMIT_LOC_STRINGS = YES;
				SWIFT_VERSION = 5.0;
				TARGETED_DEVICE_FAMILY = "1,2";
			};
			name = Debug;
		};
		DFAB7F702D549CD5002560CD /* Release */ = {
			isa = XCBuildConfiguration;
			buildSettings = {
				ASSETCATALOG_COMPILER_APPICON_NAME = AppIcon;
				ASSETCATALOG_COMPILER_GLOBAL_ACCENT_COLOR_NAME = AccentColor;
				CODE_SIGN_STYLE = Automatic;
				CURRENT_PROJECT_VERSION = 1;
				DEVELOPMENT_TEAM = 22WLLT8Q75;
				GENERATE_INFOPLIST_FILE = YES;
				INFOPLIST_FILE = TaskMVVM/Resources/Info.plist;
				INFOPLIST_KEY_UIApplicationSupportsIndirectInputEvents = YES;
				INFOPLIST_KEY_UILaunchStoryboardName = LaunchScreen;
				INFOPLIST_KEY_UISupportedInterfaceOrientations_iPad = "UIInterfaceOrientationPortrait UIInterfaceOrientationPortraitUpsideDown UIInterfaceOrientationLandscapeLeft UIInterfaceOrientationLandscapeRight";
				INFOPLIST_KEY_UISupportedInterfaceOrientations_iPhone = "UIInterfaceOrientationPortrait UIInterfaceOrientationLandscapeLeft UIInterfaceOrientationLandscapeRight";
				LD_RUNPATH_SEARCH_PATHS = (
					"$(inherited)",
					"@executable_path/Frameworks",
				);
				MARKETING_VERSION = 1.0;
				PRODUCT_BUNDLE_IDENTIFIER = remypark.TaskMVVM;
				PRODUCT_NAME = "$(TARGET_NAME)";
				SWIFT_EMIT_LOC_STRINGS = YES;
				SWIFT_VERSION = 5.0;
				TARGETED_DEVICE_FAMILY = "1,2";
			};
			name = Release;
		};
/* End XCBuildConfiguration section */

/* Begin XCConfigurationList section */
		DFAB7F552D549CD4002560CD /* Build configuration list for PBXProject "TaskMVVM" */ = {
			isa = XCConfigurationList;
			buildConfigurations = (
				DFAB7F6C2D549CD5002560CD /* Debug */,
				DFAB7F6D2D549CD5002560CD /* Release */,
			);
			defaultConfigurationIsVisible = 0;
			defaultConfigurationName = Release;
		};
		DFAB7F6E2D549CD5002560CD /* Build configuration list for PBXNativeTarget "TaskMVVM" */ = {
			isa = XCConfigurationList;
			buildConfigurations = (
				DFAB7F6F2D549CD5002560CD /* Debug */,
				DFAB7F702D549CD5002560CD /* Release */,
			);
			defaultConfigurationIsVisible = 0;
			defaultConfigurationName = Release;
		};
/* End XCConfigurationList section */
	};
	rootObject = DFAB7F522D549CD4002560CD /* Project object */;
}
